
Microsoft Visual Studio Solution File, Format Version 12.00
# Visual Studio Version 16
VisualStudioVersion = 16.0.30128.74
MinimumVisualStudioVersion = 10.0.40219.1
Project("{FAE04EC0-301F-11D3-BF4B-00C04F79EFBC}") = "SE2007WebService", "SE2007WebService\SE2007WebService.csproj", "{2E96F891-051E-42BC-903E-A6BF1B647CC2}"
EndProject
Global
	GlobalSection(SolutionConfigurationPlatforms) = preSolution
		Debug|Any CPU = Debug|Any CPU
		Release|Any CPU = Release|Any CPU
	EndGlobalSection
	GlobalSection(ProjectConfigurationPlatforms) = postSolution
		{2E96F891-051E-42BC-903E-A6BF1B647CC2}.Debug|Any CPU.ActiveCfg = Debug|Any CPU
		{2E96F891-051E-42BC-903E-A6BF1B647CC2}.Debug|Any CPU.Build.0 = Debug|Any CPU
		{2E96F891-051E-42BC-903E-A6BF1B647CC2}.Release|Any CPU.ActiveCfg = Release|Any CPU
		{2E96F891-051E-42BC-903E-A6BF1B647CC2}.Release|Any CPU.Build.0 = Release|Any CPU
	EndGlobalSection
	GlobalSection(SolutionProperties) = preSolution
		HideSolutionNode = FALSE
	EndGlobalSection
	GlobalSection(ExtensibilityGlobals) = postSolution
		SolutionGuid = {E5804E91-163F-4BB9-8429-693CAB24D9FB}
	EndGlobalSection
EndGlobal
